schema: '2.0'
stages:
  calc_new_data:
    cmd: python src/delta_learning/1_calc_new_data.py
    deps:
    - path: src/delta_learning/1_calc_new_data.py
      hash: md5
      md5: 86fe055846e8ba1b8fffe4bca0642694
      size: 1793
    params:
      params.yaml:
        dataset:
          subset:
            subset_function:
              _target_: delta_learning.utils.full
          name: rmd17
          molecule_name: benzene
          high_fidelity: rmd17
          low_fidelity: XTB
          path: /rmd17/npz_data/rmd17_benzene.npz
          load_coordinates_function:
            _target_: delta_learning.utils.load_npz
            key: coords
            _partial_: true
          load_charges_function:
            _target_: delta_learning.utils.load_npz
            key: nuclear_charges
            _partial_: true
          load_energies_function:
            _target_: delta_learning.utils.load_scalar_properties_npz
            unit: kcal/mol
            fidelity_keys:
              rmd17: energies
            _partial_: true
          load_forces_function:
            _target_: delta_learning.utils.load_scalar_properties_npz
            unit: kcal/mol
            fidelity_keys:
              rmd17: forces
            _partial_: true
    outs:
    - path: results/data/new_data
      hash: md5
      md5: 45d7ca8a54e128bf9770843e3efbcc77.dir
      size: 60801004
      nfiles: 2
  evaluate_data:
    cmd: python src/delta_learning/2_evaluate_data.py
    deps:
    - path: results/data/new_data
      hash: md5
      md5: 45d7ca8a54e128bf9770843e3efbcc77.dir
      size: 60801004
      nfiles: 2
    - path: src/delta_learning/2_evaluate_data.py
      hash: md5
      md5: 70ff229f5ee9560b5152a21a67ff638d
      size: 1621
    params:
      params.yaml:
        dataset:
          subset:
            subset_function:
              _target_: delta_learning.utils.full
          name: rmd17
          molecule_name: benzene
          high_fidelity: rmd17
          low_fidelity: XTB
          path: /rmd17/npz_data/rmd17_benzene.npz
          load_coordinates_function:
            _target_: delta_learning.utils.load_npz
            key: coords
            _partial_: true
          load_charges_function:
            _target_: delta_learning.utils.load_npz
            key: nuclear_charges
            _partial_: true
          load_energies_function:
            _target_: delta_learning.utils.load_scalar_properties_npz
            unit: kcal/mol
            fidelity_keys:
              rmd17: energies
            _partial_: true
          load_forces_function:
            _target_: delta_learning.utils.load_scalar_properties_npz
            unit: kcal/mol
            fidelity_keys:
              rmd17: forces
            _partial_: true
    outs:
    - path: dvclive/evaluate_data
      hash: md5
      md5: 7d8582b29b203429d4e41fb5951d456e.dir
      size: 92999
      nfiles: 3
  prepare_data:
    cmd: python src/delta_learning/3_prepare_data.py
    deps:
    - path: results/data/new_data
      hash: md5
      md5: 45d7ca8a54e128bf9770843e3efbcc77.dir
      size: 60801004
      nfiles: 2
    - path: src/delta_learning/3_prepare_data.py
      hash: md5
      md5: 119c333558ea064179ef06a2a9c203da
      size: 4297
    params:
      params.yaml:
        dataset:
          subset:
            subset_function:
              _target_: delta_learning.utils.full
          name: rmd17
          molecule_name: benzene
          high_fidelity: rmd17
          low_fidelity: XTB
          path: /rmd17/npz_data/rmd17_benzene.npz
          load_coordinates_function:
            _target_: delta_learning.utils.load_npz
            key: coords
            _partial_: true
          load_charges_function:
            _target_: delta_learning.utils.load_npz
            key: nuclear_charges
            _partial_: true
          load_energies_function:
            _target_: delta_learning.utils.load_scalar_properties_npz
            unit: kcal/mol
            fidelity_keys:
              rmd17: energies
            _partial_: true
          load_forces_function:
            _target_: delta_learning.utils.load_scalar_properties_npz
            unit: kcal/mol
            fidelity_keys:
              rmd17: forces
            _partial_: true
        representation:
          name: coulomb
          function:
            _target_: delta_learning.utils.no_representation
        s3_prepare_data:
          seed: 42
          n_train: 1000
          n_test: 2000
          remove_offset: true
    outs:
    - path: results/data/prepared_data
      hash: md5
      md5: fd4be60472a15cad735bb44f4ee5dc4d.dir
      size: 88897712
      nfiles: 9
  train:
    cmd: python src/delta_learning/4_train.py
    deps:
    - path: results/data/prepared_data
      hash: md5
      md5: fd4be60472a15cad735bb44f4ee5dc4d.dir
      size: 88897712
      nfiles: 9
    - path: src/delta_learning/4_train.py
      hash: md5
      md5: 1451141d36b3c2c32e04093bc269402a
      size: 1112
    - path: src/delta_learning/model
      hash: md5
      md5: 725859fdfba369d3c5413e5c44cfdde1.dir
      size: 30930
      nfiles: 7
    params:
      params.yaml:
        model:
          name: single_fidelity_sgdml
          use_forces: true
          init_function:
            _target_: delta_learning.model.sgdml.SingleFidelitySGDML
            fidelity: rmd17
            data_conversion_script_path: sGDML/scripts/sgdml_dataset_via_ase.py
            train_kwargs:
              max_memory:
              max_processes: 1
              use_torch: false
            task_kwargs:
              sig: 20
              lam: 1e-10
            charges_function:
              _target_: delta_learning.utils.load_npz
              key: nuclear_charges
              _partial_: true
            dataset_charges_path: /rmd17/npz_data/rmd17_benzene.npz
    outs:
    - path: results/model
      hash: md5
      md5: 32969daaa091b8a62a5530419ee6ac31.dir
      size: 3146997
      nfiles: 3
  predict:
    cmd: python src/delta_learning/5_predict.py
    deps:
    - path: results/data/prepared_data
      hash: md5
      md5: fd4be60472a15cad735bb44f4ee5dc4d.dir
      size: 88897712
      nfiles: 9
    - path: results/model
      hash: md5
      md5: 32969daaa091b8a62a5530419ee6ac31.dir
      size: 3146997
      nfiles: 3
    - path: src/delta_learning/5_predict.py
      hash: md5
      md5: 565e20bbb3c298f8af0b662b04454733
      size: 4022
    - path: src/delta_learning/model
      hash: md5
      md5: 725859fdfba369d3c5413e5c44cfdde1.dir
      size: 30930
      nfiles: 7
    params:
      params.yaml:
        dataset:
          subset:
            subset_function:
              _target_: delta_learning.utils.full
          name: rmd17
          molecule_name: benzene
          high_fidelity: rmd17
          low_fidelity: XTB
          path: /rmd17/npz_data/rmd17_benzene.npz
          load_coordinates_function:
            _target_: delta_learning.utils.load_npz
            key: coords
            _partial_: true
          load_charges_function:
            _target_: delta_learning.utils.load_npz
            key: nuclear_charges
            _partial_: true
          load_energies_function:
            _target_: delta_learning.utils.load_scalar_properties_npz
            unit: kcal/mol
            fidelity_keys:
              rmd17: energies
            _partial_: true
          load_forces_function:
            _target_: delta_learning.utils.load_scalar_properties_npz
            unit: kcal/mol
            fidelity_keys:
              rmd17: forces
            _partial_: true
        model:
          name: single_fidelity_sgdml
          use_forces: true
          init_function:
            _target_: delta_learning.model.sgdml.SingleFidelitySGDML
            fidelity: rmd17
            data_conversion_script_path: sGDML/scripts/sgdml_dataset_via_ase.py
            train_kwargs:
              max_memory:
              max_processes: 1
              use_torch: false
            task_kwargs:
              sig: 20
              lam: 1e-10
            charges_function:
              _target_: delta_learning.utils.load_npz
              key: nuclear_charges
              _partial_: true
            dataset_charges_path: /rmd17/npz_data/rmd17_benzene.npz
    outs:
    - path: results/prediction
      hash: md5
      md5: bace4940cb340c3a66fca4e78761b05f.dir
      size: 87926540
      nfiles: 12
  evaluate:
    cmd: python src/delta_learning/6_evaluate.py
    deps:
    - path: results/prediction
      hash: md5
      md5: bace4940cb340c3a66fca4e78761b05f.dir
      size: 87926540
      nfiles: 12
    - path: src/delta_learning/6_evaluate.py
      hash: md5
      md5: 6bf432659564f3fb2d98369643335bd5
      size: 3372
    params:
      params.yaml:
        dataset:
          subset:
            subset_function:
              _target_: delta_learning.utils.full
          name: rmd17
          molecule_name: benzene
          high_fidelity: rmd17
          low_fidelity: XTB
          path: /rmd17/npz_data/rmd17_benzene.npz
          load_coordinates_function:
            _target_: delta_learning.utils.load_npz
            key: coords
            _partial_: true
          load_charges_function:
            _target_: delta_learning.utils.load_npz
            key: nuclear_charges
            _partial_: true
          load_energies_function:
            _target_: delta_learning.utils.load_scalar_properties_npz
            unit: kcal/mol
            fidelity_keys:
              rmd17: energies
            _partial_: true
          load_forces_function:
            _target_: delta_learning.utils.load_scalar_properties_npz
            unit: kcal/mol
            fidelity_keys:
              rmd17: forces
            _partial_: true
    outs:
    - path: dvclive/evaluate
      hash: md5
      md5: a29aa50883867bc382717ca4a8d7c3e4.dir
      size: 117318
      nfiles: 5
