schema: '2.0'
stages:
  calc_new_data:
    cmd: python src/delta_learning/1_calc_new_data.py
    deps:
    - path: src/delta_learning/1_calc_new_data.py
      hash: md5
      md5: 86fe055846e8ba1b8fffe4bca0642694
      size: 1793
    params:
      params.yaml:
        dataset:
          subset:
            subset_function:
              _target_: delta_learning.utils.full
          name: ws22
          molecule_name: o-hbdi
          high_fidelity: ws22
          low_fidelity: XTB
          path: /ws22/o-hbdi.npz
          load_coordinates_function:
            _target_: delta_learning.utils.load_npz
            key: R
            _partial_: true
          load_charges_function:
            _target_: delta_learning.utils.load_npz
            key: Z
            _partial_: true
          load_energies_function:
            _target_: delta_learning.utils.load_scalar_properties_npz
            unit: kcal/mol
            fidelity_keys:
              ws22: E
            _partial_: true
          load_forces_function:
            _target_: delta_learning.utils.load_scalar_properties_npz
            unit: kcal/mol
            fidelity_keys:
              ws22: F
            _partial_: true
    outs:
    - path: results/data/new_data
      hash: md5
      md5: 7963202a974be718692cca5e1a3df230.dir
      size: 130561000
      nfiles: 2
  evaluate_data:
    cmd: python src/delta_learning/2_evaluate_data.py
    deps:
    - path: results/data/new_data
      hash: md5
      md5: 7963202a974be718692cca5e1a3df230.dir
      size: 130561000
      nfiles: 2
    - path: src/delta_learning/2_evaluate_data.py
      hash: md5
      md5: 70ff229f5ee9560b5152a21a67ff638d
      size: 1621
    params:
      params.yaml:
        dataset:
          subset:
            subset_function:
              _target_: delta_learning.utils.full
          name: ws22
          molecule_name: o-hbdi
          high_fidelity: ws22
          low_fidelity: XTB
          path: /ws22/o-hbdi.npz
          load_coordinates_function:
            _target_: delta_learning.utils.load_npz
            key: R
            _partial_: true
          load_charges_function:
            _target_: delta_learning.utils.load_npz
            key: Z
            _partial_: true
          load_energies_function:
            _target_: delta_learning.utils.load_scalar_properties_npz
            unit: kcal/mol
            fidelity_keys:
              ws22: E
            _partial_: true
          load_forces_function:
            _target_: delta_learning.utils.load_scalar_properties_npz
            unit: kcal/mol
            fidelity_keys:
              ws22: F
            _partial_: true
    outs:
    - path: dvclive/evaluate_data
      hash: md5
      md5: 6d491d7c8dd88f811ceaf0a82906b554.dir
      size: 92770
      nfiles: 3
  prepare_data:
    cmd: python src/delta_learning/3_prepare_data.py
    deps:
    - path: results/data/new_data
      hash: md5
      md5: 7963202a974be718692cca5e1a3df230.dir
      size: 130561000
      nfiles: 2
    - path: src/delta_learning/3_prepare_data.py
      hash: md5
      md5: 119c333558ea064179ef06a2a9c203da
      size: 4297
    params:
      params.yaml:
        dataset:
          subset:
            subset_function:
              _target_: delta_learning.utils.full
          name: ws22
          molecule_name: o-hbdi
          high_fidelity: ws22
          low_fidelity: XTB
          path: /ws22/o-hbdi.npz
          load_coordinates_function:
            _target_: delta_learning.utils.load_npz
            key: R
            _partial_: true
          load_charges_function:
            _target_: delta_learning.utils.load_npz
            key: Z
            _partial_: true
          load_energies_function:
            _target_: delta_learning.utils.load_scalar_properties_npz
            unit: kcal/mol
            fidelity_keys:
              ws22: E
            _partial_: true
          load_forces_function:
            _target_: delta_learning.utils.load_scalar_properties_npz
            unit: kcal/mol
            fidelity_keys:
              ws22: F
            _partial_: true
        representation:
          name: coulomb
          function:
            _target_: delta_learning.utils.no_representation
        s3_prepare_data:
          seed: 42
          n_train: 1000
          n_test: 2000
          remove_offset: true
    outs:
    - path: results/data/prepared_data
      hash: md5
      md5: 218216c9d4bea59b26eb42b68b3673c0.dir
      size: 193087792
      nfiles: 9
  train:
    cmd: python src/delta_learning/4_train.py
    deps:
    - path: results/data/prepared_data
      hash: md5
      md5: 218216c9d4bea59b26eb42b68b3673c0.dir
      size: 193087792
      nfiles: 9
    - path: src/delta_learning/4_train.py
      hash: md5
      md5: 1451141d36b3c2c32e04093bc269402a
      size: 1112
    - path: src/delta_learning/model
      hash: md5
      md5: 725859fdfba369d3c5413e5c44cfdde1.dir
      size: 30930
      nfiles: 7
    params:
      params.yaml:
        model:
          name: single_fidelity_sgdml
          use_forces: true
          init_function:
            _target_: delta_learning.model.sgdml.SingleFidelitySGDML
            fidelity: ws22
            data_conversion_script_path: sGDML/scripts/sgdml_dataset_via_ase.py
            train_kwargs:
              max_memory:
              max_processes: 1
              use_torch: false
            task_kwargs:
              sig: 20
              lam: 1e-10
            charges_function:
              _target_: delta_learning.utils.load_npz
              key: Z
              _partial_: true
            dataset_charges_path: /ws22/o-hbdi.npz
    outs:
    - path: results/model
      hash: md5
      md5: d5d5098eeff5939afb797c8eaeb79b32.dir
      size: 7587306
      nfiles: 3
  predict:
    cmd: python src/delta_learning/5_predict.py
    deps:
    - path: results/data/prepared_data
      hash: md5
      md5: 218216c9d4bea59b26eb42b68b3673c0.dir
      size: 193087792
      nfiles: 9
    - path: results/model
      hash: md5
      md5: d5d5098eeff5939afb797c8eaeb79b32.dir
      size: 7587306
      nfiles: 3
    - path: src/delta_learning/5_predict.py
      hash: md5
      md5: 565e20bbb3c298f8af0b662b04454733
      size: 4022
    - path: src/delta_learning/model
      hash: md5
      md5: 725859fdfba369d3c5413e5c44cfdde1.dir
      size: 30930
      nfiles: 7
    params:
      params.yaml:
        dataset:
          subset:
            subset_function:
              _target_: delta_learning.utils.full
          name: ws22
          molecule_name: o-hbdi
          high_fidelity: ws22
          low_fidelity: XTB
          path: /ws22/o-hbdi.npz
          load_coordinates_function:
            _target_: delta_learning.utils.load_npz
            key: R
            _partial_: true
          load_charges_function:
            _target_: delta_learning.utils.load_npz
            key: Z
            _partial_: true
          load_energies_function:
            _target_: delta_learning.utils.load_scalar_properties_npz
            unit: kcal/mol
            fidelity_keys:
              ws22: E
            _partial_: true
          load_forces_function:
            _target_: delta_learning.utils.load_scalar_properties_npz
            unit: kcal/mol
            fidelity_keys:
              ws22: F
            _partial_: true
        model:
          name: single_fidelity_sgdml
          use_forces: true
          init_function:
            _target_: delta_learning.model.sgdml.SingleFidelitySGDML
            fidelity: ws22
            data_conversion_script_path: sGDML/scripts/sgdml_dataset_via_ase.py
            train_kwargs:
              max_memory:
              max_processes: 1
              use_torch: false
            task_kwargs:
              sig: 20
              lam: 1e-10
            charges_function:
              _target_: delta_learning.utils.load_npz
              key: Z
              _partial_: true
            dataset_charges_path: /ws22/o-hbdi.npz
    outs:
    - path: results/prediction
      hash: md5
      md5: 590cba4d94af8fd6bf5f647159aed6fd.dir
      size: 191366540
      nfiles: 12
  evaluate:
    cmd: python src/delta_learning/6_evaluate.py
    deps:
    - path: results/prediction
      hash: md5
      md5: 590cba4d94af8fd6bf5f647159aed6fd.dir
      size: 191366540
      nfiles: 12
    - path: src/delta_learning/6_evaluate.py
      hash: md5
      md5: 6bf432659564f3fb2d98369643335bd5
      size: 3372
    params:
      params.yaml:
        dataset:
          subset:
            subset_function:
              _target_: delta_learning.utils.full
          name: ws22
          molecule_name: o-hbdi
          high_fidelity: ws22
          low_fidelity: XTB
          path: /ws22/o-hbdi.npz
          load_coordinates_function:
            _target_: delta_learning.utils.load_npz
            key: R
            _partial_: true
          load_charges_function:
            _target_: delta_learning.utils.load_npz
            key: Z
            _partial_: true
          load_energies_function:
            _target_: delta_learning.utils.load_scalar_properties_npz
            unit: kcal/mol
            fidelity_keys:
              ws22: E
            _partial_: true
          load_forces_function:
            _target_: delta_learning.utils.load_scalar_properties_npz
            unit: kcal/mol
            fidelity_keys:
              ws22: F
            _partial_: true
    outs:
    - path: dvclive/evaluate
      hash: md5
      md5: f2773cf2d0bbe34744a8e845102c667e.dir
      size: 145033
      nfiles: 5
